// !$*UTF8*$!
{
	archiveVersion = 1;
	classes = {
	};
	objectVersion = 55;
	objects = {

/* Begin PBXBuildFile section */
		31026A7F2764D2AA003901F2 /* AppDelegate.swift in Sources */ = {isa = PBXBuildFile; fileRef = 31026A7E2764D2AA003901F2 /* AppDelegate.swift */; };
		31026A812764D2AA003901F2 /* ContentView.swift in Sources */ = {isa = PBXBuildFile; fileRef = 31026A802764D2AA003901F2 /* ContentView.swift */; };
		31026A832764D2AA003901F2 /* Experience.rcproject in Sources */ = {isa = PBXBuildFile; fileRef = 31026A822764D2AA003901F2 /* Experience.rcproject */; };
		31026A852764D2AC003901F2 /* Assets.xcassets in Resources */ = {isa = PBXBuildFile; fileRef = 31026A842764D2AC003901F2 /* Assets.xcassets */; };
		31026A882764D2AC003901F2 /* Preview Assets.xcassets in Resources */ = {isa = PBXBuildFile; fileRef = 31026A872764D2AC003901F2 /* Preview Assets.xcassets */; };
		31026A9B2764E3EF003901F2 /* CheckBoardARView.swift in Sources */ = {isa = PBXBuildFile; fileRef = 31026A9A2764E3EF003901F2 /* CheckBoardARView.swift */; };
		318C06162765B9F90001F580 /* CheckBoard.swift in Sources */ = {isa = PBXBuildFile; fileRef = 318C06152765B9F90001F580 /* CheckBoard.swift */; };
		318C06182765BC3E0001F580 /* Piece.swift in Sources */ = {isa = PBXBuildFile; fileRef = 318C06172765BC3E0001F580 /* Piece.swift */; };
		318C061A2765D5B20001F580 /* Block.swift in Sources */ = {isa = PBXBuildFile; fileRef = 318C06192765D5B20001F580 /* Block.swift */; };
		318C061C2766130E0001F580 /* PieceComponent.swift in Sources */ = {isa = PBXBuildFile; fileRef = 318C061B2766130E0001F580 /* PieceComponent.swift */; };
		318C0620276626530001F580 /* Winner.swift in Sources */ = {isa = PBXBuildFile; fileRef = 318C061F276626530001F580 /* Winner.swift */; };
		3197529E276A125100434571 /* Network.swift in Sources */ = {isa = PBXBuildFile; fileRef = 3197529D276A125100434571 /* Network.swift */; };
		31D4F7732773484300D5800B /* PureAnchor.swift in Sources */ = {isa = PBXBuildFile; fileRef = 31D4F7722773484300D5800B /* PureAnchor.swift */; };
		31E0171A276EFC8D00E4BD69 /* CheckBoradComponent.swift in Sources */ = {isa = PBXBuildFile; fileRef = 31E01719276EFC8D00E4BD69 /* CheckBoradComponent.swift */; };
/* End PBXBuildFile section */

/* Begin PBXFileReference section */
		31026A7B2764D2AA003901F2 /* AR.app */ = {isa = PBXFileReference; explicitFileType = wrapper.application; includeInIndex = 0; path = AR.app; sourceTree = BUILT_PRODUCTS_DIR; };
		31026A7E2764D2AA003901F2 /* AppDelegate.swift */ = {isa = PBXFileReference; lastKnownFileType = sourcecode.swift; path = AppDelegate.swift; sourceTree = "<group>"; };
		31026A802764D2AA003901F2 /* ContentView.swift */ = {isa = PBXFileReference; lastKnownFileType = sourcecode.swift; path = ContentView.swift; sourceTree = "<group>"; };
		31026A822764D2AA003901F2 /* Experience.rcproject */ = {isa = PBXFileReference; lastKnownFileType = file.rcproject; path = Experience.rcproject; sourceTree = "<group>"; };
		31026A842764D2AC003901F2 /* Assets.xcassets */ = {isa = PBXFileReference; lastKnownFileType = folder.assetcatalog; path = Assets.xcassets; sourceTree = "<group>"; };
		31026A872764D2AC003901F2 /* Preview Assets.xcassets */ = {isa = PBXFileReference; lastKnownFileType = folder.assetcatalog; path = "Preview Assets.xcassets"; sourceTree = "<group>"; };
		31026A9A2764E3EF003901F2 /* CheckBoardARView.swift */ = {isa = PBXFileReference; lastKnownFileType = sourcecode.swift; path = CheckBoardARView.swift; sourceTree = "<group>"; };
		318C06152765B9F90001F580 /* CheckBoard.swift */ = {isa = PBXFileReference; lastKnownFileType = sourcecode.swift; path = CheckBoard.swift; sourceTree = "<group>"; };
		318C06172765BC3E0001F580 /* Piece.swift */ = {isa = PBXFileReference; lastKnownFileType = sourcecode.swift; path = Piece.swift; sourceTree = "<group>"; };
		318C06192765D5B20001F580 /* Block.swift */ = {isa = PBXFileReference; lastKnownFileType = sourcecode.swift; path = Block.swift; sourceTree = "<group>"; };
		318C061B2766130E0001F580 /* PieceComponent.swift */ = {isa = PBXFileReference; lastKnownFileType = sourcecode.swift; path = PieceComponent.swift; sourceTree = "<group>"; };
		318C061F276626530001F580 /* Winner.swift */ = {isa = PBXFileReference; lastKnownFileType = sourcecode.swift; path = Winner.swift; sourceTree = "<group>"; };
		3197529C276A01E200434571 /* Info.plist */ = {isa = PBXFileReference; lastKnownFileType = text.plist; path = Info.plist; sourceTree = "<group>"; };
		3197529D276A125100434571 /* Network.swift */ = {isa = PBXFileReference; lastKnownFileType = sourcecode.swift; path = Network.swift; sourceTree = "<group>"; };
		31D4F7722773484300D5800B /* PureAnchor.swift */ = {isa = PBXFileReference; lastKnownFileType = sourcecode.swift; path = PureAnchor.swift; sourceTree = "<group>"; };
		31E01719276EFC8D00E4BD69 /* CheckBoradComponent.swift */ = {isa = PBXFileReference; lastKnownFileType = sourcecode.swift; path = CheckBoradComponent.swift; sourceTree = "<group>"; };
/* End PBXFileReference section */

/* Begin PBXFrameworksBuildPhase section */
		31026A782764D2AA003901F2 /* Frameworks */ = {
			isa = PBXFrameworksBuildPhase;
			buildActionMask = 2147483647;
			files = (
			);
			runOnlyForDeploymentPostprocessing = 0;
		};
/* End PBXFrameworksBuildPhase section */

/* Begin PBXGroup section */
		31026A722764D2AA003901F2 = {
			isa = PBXGroup;
			children = (
				31026A7D2764D2AA003901F2 /* AR */,
				31026A7C2764D2AA003901F2 /* Products */,
			);
			sourceTree = "<group>";
		};
		31026A7C2764D2AA003901F2 /* Products */ = {
			isa = PBXGroup;
			children = (
				31026A7B2764D2AA003901F2 /* AR.app */,
			);
			name = Products;
			sourceTree = "<group>";
		};
		31026A7D2764D2AA003901F2 /* AR */ = {
			isa = PBXGroup;
			children = (
				3197529C276A01E200434571 /* Info.plist */,
				31026A9C2765AC34003901F2 /* ModelEntity */,
				31026A9E2765AD0C003901F2 /* CheckBoard */,
				31026A7E2764D2AA003901F2 /* AppDelegate.swift */,
				31026A802764D2AA003901F2 /* ContentView.swift */,
				31026A822764D2AA003901F2 /* Experience.rcproject */,
				31026A842764D2AC003901F2 /* Assets.xcassets */,
				31026A862764D2AC003901F2 /* Preview Content */,
			);
			path = AR;
			sourceTree = "<group>";
		};
		31026A862764D2AC003901F2 /* Preview Content */ = {
			isa = PBXGroup;
			children = (
				31026A872764D2AC003901F2 /* Preview Assets.xcassets */,
			);
			path = "Preview Content";
			sourceTree = "<group>";
		};
		31026A9C2765AC34003901F2 /* ModelEntity */ = {
			isa = PBXGroup;
			children = (
				318C06152765B9F90001F580 /* CheckBoard.swift */,
				318C061B2766130E0001F580 /* PieceComponent.swift */,
				318C06172765BC3E0001F580 /* Piece.swift */,
				318C06192765D5B20001F580 /* Block.swift */,
				318C061F276626530001F580 /* Winner.swift */,
				31E01719276EFC8D00E4BD69 /* CheckBoradComponent.swift */,
				31D4F7722773484300D5800B /* PureAnchor.swift */,
			);
			path = ModelEntity;
			sourceTree = "<group>";
		};
		31026A9E2765AD0C003901F2 /* CheckBoard */ = {
			isa = PBXGroup;
			children = (
				31026A9A2764E3EF003901F2 /* CheckBoardARView.swift */,
				3197529D276A125100434571 /* Network.swift */,
			);
			path = CheckBoard;
			sourceTree = "<group>";
		};
/* End PBXGroup section */

/* Begin PBXNativeTarget section */
		31026A7A2764D2AA003901F2 /* AR */ = {
			isa = PBXNativeTarget;
			buildConfigurationList = 31026A8B2764D2AC003901F2 /* Build configuration list for PBXNativeTarget "AR" */;
			buildPhases = (
				31026A772764D2AA003901F2 /* Sources */,
				31026A782764D2AA003901F2 /* Frameworks */,
				31026A792764D2AA003901F2 /* Resources */,
			);
			buildRules = (
			);
			dependencies = (
			);
			name = AR;
			productName = AR;
			productReference = 31026A7B2764D2AA003901F2 /* AR.app */;
			productType = "com.apple.product-type.application";
		};
/* End PBXNativeTarget section */

/* Begin PBXProject section */
		31026A732764D2AA003901F2 /* Project object */ = {
			isa = PBXProject;
			attributes = {
				BuildIndependentTargetsInParallel = 1;
				LastSwiftUpdateCheck = 1310;
				LastUpgradeCheck = 1310;
				TargetAttributes = {
					31026A7A2764D2AA003901F2 = {
						CreatedOnToolsVersion = 13.1;
					};
				};
			};
			buildConfigurationList = 31026A762764D2AA003901F2 /* Build configuration list for PBXProject "AR" */;
			compatibilityVersion = "Xcode 13.0";
			developmentRegion = en;
			hasScannedForEncodings = 0;
			knownRegions = (
				en,
				Base,
			);
			mainGroup = 31026A722764D2AA003901F2;
			productRefGroup = 31026A7C2764D2AA003901F2 /* Products */;
			projectDirPath = "";
			projectRoot = "";
			targets = (
				31026A7A2764D2AA003901F2 /* AR */,
			);
		};
/* End PBXProject section */

/* Begin PBXResourcesBuildPhase section */
		31026A792764D2AA003901F2 /* Resources */ = {
			isa = PBXResourcesBuildPhase;
			buildActionMask = 2147483647;
			files = (
				31026A882764D2AC003901F2 /* Preview Assets.xcassets in Resources */,
				31026A852764D2AC003901F2 /* Assets.xcassets in Resources */,
			);
			runOnlyForDeploymentPostprocessing = 0;
		};
/* End PBXResourcesBuildPhase section */

/* Begin PBXSourcesBuildPhase section */
		31026A772764D2AA003901F2 /* Sources */ = {
			isa = PBXSourcesBuildPhase;
			buildActionMask = 2147483647;
			files = (
				318C061C2766130E0001F580 /* PieceComponent.swift in Sources */,
				31E0171A276EFC8D00E4BD69 /* CheckBoradComponent.swift in Sources */,
				318C06162765B9F90001F580 /* CheckBoard.swift in Sources */,
				318C061A2765D5B20001F580 /* Block.swift in Sources */,
				31026A812764D2AA003901F2 /* ContentView.swift in Sources */,
				318C0620276626530001F580 /* Winner.swift in Sources */,
				3197529E276A125100434571 /* Network.swift in Sources */,
				318C06182765BC3E0001F580 /* Piece.swift in Sources */,
				31026A9B2764E3EF003901F2 /* CheckBoardARView.swift in Sources */,
				31026A7F2764D2AA003901F2 /* AppDelegate.swift in Sources */,
				31D4F7732773484300D5800B /* PureAnchor.swift in Sources */,
				31026A832764D2AA003901F2 /* Experience.rcproject in Sources */,
			);
			runOnlyForDeploymentPostprocessing = 0;
		};
/* End PBXSourcesBuildPhase section */

/* Begin XCBuildConfiguration section */
		31026A892764D2AC003901F2 /* Debug */ = {
			isa = XCBuildConfiguration;
			buildSettings = {
				ALWAYS_SEARCH_USER_PATHS = NO;
				CLANG_ANALYZER_NONNULL = YES;
				CLANG_ANALYZER_NUMBER_OBJECT_CONVERSION = YES_AGGRESSIVE;
				CLANG_CXX_LANGUAGE_STANDARD = "gnu++17";
				CLANG_CXX_LIBRARY = "libc++";
				CLANG_ENABLE_MODULES = YES;
				CLANG_ENABLE_OBJC_ARC = YES;
				CLANG_ENABLE_OBJC_WEAK = YES;
				CLANG_WARN_BLOCK_CAPTURE_AUTORELEASING = YES;
				CLANG_WARN_BOOL_CONVERSION = YES;
				CLANG_WARN_COMMA = YES;
				CLANG_WARN_CONSTANT_CONVERSION = YES;
				CLANG_WARN_DEPRECATED_OBJC_IMPLEMENTATIONS = YES;
				CLANG_WARN_DIRECT_OBJC_ISA_USAGE = YES_ERROR;
				CLANG_WARN_DOCUMENTATION_COMMENTS = YES;
				CLANG_WARN_EMPTY_BODY = YES;
				CLANG_WARN_ENUM_CONVERSION = YES;
				CLANG_WARN_INFINITE_RECURSION = YES;
				CLANG_WARN_INT_CONVERSION = YES;
				CLANG_WARN_NON_LITERAL_NULL_CONVERSION = YES;
				CLANG_WARN_OBJC_IMPLICIT_RETAIN_SELF = YES;
				CLANG_WARN_OBJC_LITERAL_CONVERSION = YES;
				CLANG_WARN_OBJC_ROOT_CLASS = YES_ERROR;
				CLANG_WARN_QUOTED_INCLUDE_IN_FRAMEWORK_HEADER = YES;
				CLANG_WARN_RANGE_LOOP_ANALYSIS = YES;
				CLANG_WARN_STRICT_PROTOTYPES = YES;
				CLANG_WARN_SUSPICIOUS_MOVE = YES;
				CLANG_WARN_UNGUARDED_AVAILABILITY = YES_AGGRESSIVE;
				CLANG_WARN_UNREACHABLE_CODE = YES;
				CLANG_WARN__DUPLICATE_METHOD_MATCH = YES;
				COPY_PHASE_STRIP = NO;
				DEBUG_INFORMATION_FORMAT = dwarf;
				ENABLE_STRICT_OBJC_MSGSEND = YES;
				ENABLE_TESTABILITY = YES;
				GCC_C_LANGUAGE_STANDARD = gnu11;
				GCC_DYNAMIC_NO_PIC = NO;
				GCC_NO_COMMON_BLOCKS = YES;
				GCC_OPTIMIZATION_LEVEL = 0;
				GCC_PREPROCESSOR_DEFINITIONS = (
					"DEBUG=1",
					"$(inherited)",
				);
				GCC_WARN_64_TO_32_BIT_CONVERSION = YES;
				GCC_WARN_ABOUT_RETURN_TYPE = YES_ERROR;
				GCC_WARN_UNDECLARED_SELECTOR = YES;
				GCC_WARN_UNINITIALIZED_AUTOS = YES_AGGRESSIVE;
				GCC_WARN_UNUSED_FUNCTION = YES;
				GCC_WARN_UNUSED_VARIABLE = YES;
				IPHONEOS_DEPLOYMENT_TARGET = 15.0;
				MTL_ENABLE_DEBUG_INFO = INCLUDE_SOURCE;
				MTL_FAST_MATH = YES;
				ONLY_ACTIVE_ARCH = YES;
				SDKROOT = iphoneos;
				SWIFT_ACTIVE_COMPILATION_CONDITIONS = DEBUG;
				SWIFT_OPTIMIZATION_LEVEL = "-Onone";
			};
			name = Debug;
		};
		31026A8A2764D2AC003901F2 /* Release */ = {
			isa = XCBuildConfiguration;
			buildSettings = {
				ALWAYS_SEARCH_USER_PATHS = NO;
				CLANG_ANALYZER_NONNULL = YES;
				CLANG_ANALYZER_NUMBER_OBJECT_CONVERSION = YES_AGGRESSIVE;
				CLANG_CXX_LANGUAGE_STANDARD = "gnu++17";
				CLANG_CXX_LIBRARY = "libc++";
				CLANG_ENABLE_MODULES = YES;
				CLANG_ENABLE_OBJC_ARC = YES;
				CLANG_ENABLE_OBJC_WEAK = YES;
				CLANG_WARN_BLOCK_CAPTURE_AUTORELEASING = YES;
				CLANG_WARN_BOOL_CONVERSION = YES;
				CLANG_WARN_COMMA = YES;
				CLANG_WARN_CONSTANT_CONVERSION = YES;
				CLANG_WARN_DEPRECATED_OBJC_IMPLEMENTATIONS = YES;
				CLANG_WARN_DIRECT_OBJC_ISA_USAGE = YES_ERROR;
				CLANG_WARN_DOCUMENTATION_COMMENTS = YES;
				CLANG_WARN_EMPTY_BODY = YES;
				CLANG_WARN_ENUM_CONVERSION = YES;
				CLANG_WARN_INFINITE_RECURSION = YES;
				CLANG_WARN_INT_CONVERSION = YES;
				CLANG_WARN_NON_LITERAL_NULL_CONVERSION = YES;
				CLANG_WARN_OBJC_IMPLICIT_RETAIN_SELF = YES;
				CLANG_WARN_OBJC_LITERAL_CONVERSION = YES;
				CLANG_WARN_OBJC_ROOT_CLASS = YES_ERROR;
				CLANG_WARN_QUOTED_INCLUDE_IN_FRAMEWORK_HEADER = YES;
				CLANG_WARN_RANGE_LOOP_ANALYSIS = YES;
				CLANG_WARN_STRICT_PROTOTYPES = YES;
				CLANG_WARN_SUSPICIOUS_MOVE = YES;
				CLANG_WARN_UNGUARDED_AVAILABILITY = YES_AGGRESSIVE;
				CLANG_WARN_UNREACHABLE_CODE = YES;
				CLANG_WARN__DUPLICATE_METHOD_MATCH = YES;
				COPY_PHASE_STRIP = NO;
				DEBUG_INFORMATION_FORMAT = "dwarf-with-dsym";
				ENABLE_NS_ASSERTIONS = NO;
				ENABLE_STRICT_OBJC_MSGSEND = YES;
				GCC_C_LANGUAGE_STANDARD = gnu11;
				GCC_NO_COMMON_BLOCKS = YES;
				GCC_WARN_64_TO_32_BIT_CONVERSION = YES;
				GCC_WARN_ABOUT_RETURN_TYPE = YES_ERROR;
				GCC_WARN_UNDECLARED_SELECTOR = YES;
				GCC_WARN_UNINITIALIZED_AUTOS = YES_AGGRESSIVE;
				GCC_WARN_UNUSED_FUNCTION = YES;
				GCC_WARN_UNUSED_VARIABLE = YES;
				IPHONEOS_DEPLOYMENT_TARGET = 15.0;
				MTL_ENABLE_DEBUG_INFO = NO;
				MTL_FAST_MATH = YES;
				SDKROOT = iphoneos;
				SWIFT_COMPILATION_MODE = wholemodule;
				SWIFT_OPTIMIZATION_LEVEL = "-O";
				VALIDATE_PRODUCT = YES;
			};
			name = Release;
		};
		31026A8C2764D2AC003901F2 /* Debug */ = {
			isa = XCBuildConfiguration;
			buildSettings = {
				ASSETCATALOG_COMPILER_APPICON_NAME = AppIcon;
				ASSETCATALOG_COMPILER_GLOBAL_ACCENT_COLOR_NAME = AccentColor;
				CODE_SIGN_STYLE = Automatic;
				CURRENT_PROJECT_VERSION = 1;
				DEVELOPMENT_ASSET_PATHS = "\"AR/Preview Content\"";
				DEVELOPMENT_TEAM = 2F4LQ9UW58;
				ENABLE_PREVIEWS = YES;
				GENERATE_INFOPLIST_FILE = YES;
				INFOPLIST_FILE = AR/Info.plist;
				INFOPLIST_KEY_CFBundleDisplayName = "";
				INFOPLIST_KEY_LSApplicationCategoryType = "";
				INFOPLIST_KEY_NSCameraUsageDescription = "";
				INFOPLIST_KEY_NSLocalNetworkUsageDescription = "";
				INFOPLIST_KEY_UIApplicationSupportsIndirectInputEvents = YES;
				INFOPLIST_KEY_UILaunchScreen_Generation = YES;
				INFOPLIST_KEY_UIRequiredDeviceCapabilities = arkit;
				INFOPLIST_KEY_UIStatusBarHidden = YES;
				INFOPLIST_KEY_UISupportedInterfaceOrientations_iPad = "UIInterfaceOrientationPortrait UIInterfaceOrientationPortraitUpsideDown UIInterfaceOrientationLandscapeLeft UIInterfaceOrientationLandscapeRight";
				INFOPLIST_KEY_UISupportedInterfaceOrientations_iPhone = "UIInterfaceOrientationPortrait UIInterfaceOrientationLandscapeLeft UIInterfaceOrientationLandscapeRight";
				LD_RUNPATH_SEARCH_PATHS = (
					"$(inherited)",
					"@executable_path/Frameworks",
				);
				MARKETING_VERSION = 1.0;
				PRODUCT_BUNDLE_IDENTIFIER = "Junjie-Li.AR";
				PRODUCT_NAME = "$(TARGET_NAME)";
				SWIFT_EMIT_LOC_STRINGS = YES;
				SWIFT_VERSION = 5.0;
				TARGETED_DEVICE_FAMILY = "1,2";
			};
			name = Debug;
		};
		31026A8D2764D2AC003901F2 /* Release */ = {
			isa = XCBuildConfiguration;
			buildSettings = {
				ASSETCATALOG_COMPILER_APPICON_NAME = AppIcon;
				ASSETCATALOG_COMPILER_GLOBAL_ACCENT_COLOR_NAME = AccentColor;
				CODE_SIGN_STYLE = Automatic;
				CURRENT_PROJECT_VERSION = 1;
				DEVELOPMENT_ASSET_PATHS = "\"AR/Preview Content\"";
				DEVELOPMENT_TEAM = 2F4LQ9UW58;
				ENABLE_PREVIEWS = YES;
				GENERATE_INFOPLIST_FILE = YES;
				INFOPLIST_FILE = AR/Info.plist;
				INFOPLIST_KEY_CFBundleDisplayName = "";
				INFOPLIST_KEY_LSApplicationCategoryType = "";
				INFOPLIST_KEY_NSCameraUsageDescription = "";
				INFOPLIST_KEY_NSLocalNetworkUsageDescription = "";
				INFOPLIST_KEY_UIApplicationSupportsIndirectInputEvents = YES;
				INFOPLIST_KEY_UILaunchScreen_Generation = YES;
				INFOPLIST_KEY_UIRequiredDeviceCapabilities = arkit;
				INFOPLIST_KEY_UIStatusBarHidden = YES;
				INFOPLIST_KEY_UISupportedInterfaceOrientations_iPad = "UIInterfaceOrientationPortrait UIInterfaceOrientationPortraitUpsideDown UIInterfaceOrientationLandscapeLeft UIInterfaceOrientationLandscapeRight";
				INFOPLIST_KEY_UISupportedInterfaceOrientations_iPhone = "UIInterfaceOrientationPortrait UIInterfaceOrientationLandscapeLeft UIInterfaceOrientationLandscapeRight";
				LD_RUNPATH_SEARCH_PATHS = (
					"$(inherited)",
					"@executable_path/Frameworks",
				);
				MARKETING_VERSION = 1.0;
				PRODUCT_BUNDLE_IDENTIFIER = "Junjie-Li.AR";
				PRODUCT_NAME = "$(TARGET_NAME)";
				SWIFT_EMIT_LOC_STRINGS = YES;
				SWIFT_VERSION = 5.0;
				TARGETED_DEVICE_FAMILY = "1,2";
			};
			name = Release;
		};
/* End XCBuildConfiguration section */

/* Begin XCConfigurationList section */
		31026A762764D2AA003901F2 /* Build configuration list for PBXProject "AR" */ = {
			isa = XCConfigurationList;
			buildConfigurations = (
				31026A892764D2AC003901F2 /* Debug */,
				31026A8A2764D2AC003901F2 /* Release */,
			);
			defaultConfigurationIsVisible = 0;
			defaultConfigurationName = Release;
		};
		31026A8B2764D2AC003901F2 /* Build configuration list for PBXNativeTarget "AR" */ = {
			isa = XCConfigurationList;
			buildConfigurations = (
				31026A8C2764D2AC003901F2 /* Debug */,
				31026A8D2764D2AC003901F2 /* Release */,
			);
			defaultConfigurationIsVisible = 0;
			defaultConfigurationName = Release;
		};
/* End XCConfigurationList section */
	};
	rootObject = 31026A732764D2AA003901F2 /* Project object */;
}
